
Microsoft Visual Studio Solution File, Format Version 12.00
# Visual Studio Version 16
VisualStudioVersion = 16.0.29215.179
MinimumVisualStudioVersion = 10.0.40219.1
Project("{FAE04EC0-301F-11D3-BF4B-00C04F79EFBC}") = "Itse1430.Maze", "Itse1430.Maze\Itse1430.Maze.csproj", "{438A5DF5-A589-463A-AB7F-F1ABA13714A5}"
EndProject
Global
	GlobalSection(SolutionConfigurationPlatforms) = preSolution
		Debug|Any CPU = Debug|Any CPU
		Release|Any CPU = Release|Any CPU
	EndGlobalSection
	GlobalSection(ProjectConfigurationPlatforms) = postSolution
		{438A5DF5-A589-463A-AB7F-F1ABA13714A5}.Debug|Any CPU.ActiveCfg = Debug|Any CPU
		{438A5DF5-A589-463A-AB7F-F1ABA13714A5}.Debug|Any CPU.Build.0 = Debug|Any CPU
		{438A5DF5-A589-463A-AB7F-F1ABA13714A5}.Release|Any CPU.ActiveCfg = Release|Any CPU
		{438A5DF5-A589-463A-AB7F-F1ABA13714A5}.Release|Any CPU.Build.0 = Release|Any CPU
	EndGlobalSection
	GlobalSection(SolutionProperties) = preSolution
		HideSolutionNode = FALSE
	EndGlobalSection
	GlobalSection(ExtensibilityGlobals) = postSolution
		SolutionGuid = {F7B97A8A-3F8E-415D-B95A-C37CCC1708A6}
	EndGlobalSection
EndGlobal
