
Microsoft Visual Studio Solution File, Format Version 12.00
# Visual Studio Version 16
VisualStudioVersion = 16.0.29102.190
MinimumVisualStudioVersion = 10.0.40219.1
Project("{FAE04EC0-301F-11D3-BF4B-00C04F79EFBC}") = "Itse1430.MovieLib.Host", "Itse1430.MovieLib.Host\Itse1430.MovieLib.Host.csproj", "{594EA821-A412-4E95-9C54-36196035D92D}"
EndProject
Project("{FAE04EC0-301F-11D3-BF4B-00C04F79EFBC}") = "Itse1430.MovieLib", "Itse1430.MovieLib\Itse1430.MovieLib.csproj", "{D4A14C51-4BB6-4063-8F4C-83D5850F9616}"
EndProject
Project("{00D1A9C2-B5F0-4AF3-8072-F6C62B433612}") = "MovieDb", "..\MovieDb\MovieDb.sqlproj", "{BDE72751-B36A-499E-81E4-7FB8951B67F5}"
EndProject
Project("{FAE04EC0-301F-11D3-BF4B-00C04F79EFBC}") = "Itse1430.MovieLib.SqlServer", "Itse1430.MovieLib.SqlServer\Itse1430.MovieLib.SqlServer.csproj", "{5D44E5BF-40F4-48B1-BB05-FA954E7F12B6}"
EndProject
Global
	GlobalSection(SolutionConfigurationPlatforms) = preSolution
		Debug|Any CPU = Debug|Any CPU
		Release|Any CPU = Release|Any CPU
	EndGlobalSection
	GlobalSection(ProjectConfigurationPlatforms) = postSolution
		{594EA821-A412-4E95-9C54-36196035D92D}.Debug|Any CPU.ActiveCfg = Debug|Any CPU
		{594EA821-A412-4E95-9C54-36196035D92D}.Debug|Any CPU.Build.0 = Debug|Any CPU
		{594EA821-A412-4E95-9C54-36196035D92D}.Release|Any CPU.ActiveCfg = Release|Any CPU
		{594EA821-A412-4E95-9C54-36196035D92D}.Release|Any CPU.Build.0 = Release|Any CPU
		{D4A14C51-4BB6-4063-8F4C-83D5850F9616}.Debug|Any CPU.ActiveCfg = Debug|Any CPU
		{D4A14C51-4BB6-4063-8F4C-83D5850F9616}.Debug|Any CPU.Build.0 = Debug|Any CPU
		{D4A14C51-4BB6-4063-8F4C-83D5850F9616}.Release|Any CPU.ActiveCfg = Release|Any CPU
		{D4A14C51-4BB6-4063-8F4C-83D5850F9616}.Release|Any CPU.Build.0 = Release|Any CPU
		{BDE72751-B36A-499E-81E4-7FB8951B67F5}.Debug|Any CPU.ActiveCfg = Debug|Any CPU
		{BDE72751-B36A-499E-81E4-7FB8951B67F5}.Debug|Any CPU.Build.0 = Debug|Any CPU
		{BDE72751-B36A-499E-81E4-7FB8951B67F5}.Debug|Any CPU.Deploy.0 = Debug|Any CPU
		{BDE72751-B36A-499E-81E4-7FB8951B67F5}.Release|Any CPU.ActiveCfg = Release|Any CPU
		{BDE72751-B36A-499E-81E4-7FB8951B67F5}.Release|Any CPU.Build.0 = Release|Any CPU
		{BDE72751-B36A-499E-81E4-7FB8951B67F5}.Release|Any CPU.Deploy.0 = Release|Any CPU
		{5D44E5BF-40F4-48B1-BB05-FA954E7F12B6}.Debug|Any CPU.ActiveCfg = Debug|Any CPU
		{5D44E5BF-40F4-48B1-BB05-FA954E7F12B6}.Debug|Any CPU.Build.0 = Debug|Any CPU
		{5D44E5BF-40F4-48B1-BB05-FA954E7F12B6}.Release|Any CPU.ActiveCfg = Release|Any CPU
		{5D44E5BF-40F4-48B1-BB05-FA954E7F12B6}.Release|Any CPU.Build.0 = Release|Any CPU
	EndGlobalSection
	GlobalSection(SolutionProperties) = preSolution
		HideSolutionNode = FALSE
	EndGlobalSection
	GlobalSection(ExtensibilityGlobals) = postSolution
		SolutionGuid = {A8E62A46-8B31-49C3-AB66-CCA23D017CE9}
	EndGlobalSection
EndGlobal
