
Microsoft Visual Studio Solution File, Format Version 12.00
# Visual Studio Version 16
VisualStudioVersion = 16.0.29215.179
MinimumVisualStudioVersion = 10.0.40219.1
Project("{FAE04EC0-301F-11D3-BF4B-00C04F79EFBC}") = "Itse1430.CharacterLib.Host", "Itse1430.CharacterLib.Host.csproj", "{4A80DA90-7005-442E-A219-345DCFD2FD32}"
EndProject
Project("{FAE04EC0-301F-11D3-BF4B-00C04F79EFBC}") = "Itse1430.CharacterLib", "..\Itse1430.CharacterLib\Itse1430.CharacterLib.csproj", "{00E271BF-4F7E-4B6A-9817-51F35F0D990B}"
EndProject
Global
	GlobalSection(SolutionConfigurationPlatforms) = preSolution
		Debug|Any CPU = Debug|Any CPU
		Release|Any CPU = Release|Any CPU
	EndGlobalSection
	GlobalSection(ProjectConfigurationPlatforms) = postSolution
		{4A80DA90-7005-442E-A219-345DCFD2FD32}.Debug|Any CPU.ActiveCfg = Debug|Any CPU
		{4A80DA90-7005-442E-A219-345DCFD2FD32}.Debug|Any CPU.Build.0 = Debug|Any CPU
		{4A80DA90-7005-442E-A219-345DCFD2FD32}.Release|Any CPU.ActiveCfg = Release|Any CPU
		{4A80DA90-7005-442E-A219-345DCFD2FD32}.Release|Any CPU.Build.0 = Release|Any CPU
		{00E271BF-4F7E-4B6A-9817-51F35F0D990B}.Debug|Any CPU.ActiveCfg = Debug|Any CPU
		{00E271BF-4F7E-4B6A-9817-51F35F0D990B}.Debug|Any CPU.Build.0 = Debug|Any CPU
		{00E271BF-4F7E-4B6A-9817-51F35F0D990B}.Release|Any CPU.ActiveCfg = Release|Any CPU
		{00E271BF-4F7E-4B6A-9817-51F35F0D990B}.Release|Any CPU.Build.0 = Release|Any CPU
	EndGlobalSection
	GlobalSection(SolutionProperties) = preSolution
		HideSolutionNode = FALSE
	EndGlobalSection
	GlobalSection(ExtensibilityGlobals) = postSolution
		SolutionGuid = {228BA9B1-37B2-4FB9-B544-90BF55EDF697}
	EndGlobalSection
EndGlobal
